
Microsoft Visual Studio Solution File, Format Version 12.00
# Visual Studio Version 17
VisualStudioVersion = 17.9.34622.214
MinimumVisualStudioVersion = 10.0.40219.1
Project("{FAE04EC0-301F-11D3-BF4B-00C04F79EFBC}") = "SQLManager", "SQLManager.csproj", "{74F42B6A-E45A-45C4-9840-40F7132F4296}"
EndProject
Global
	GlobalSection(SolutionConfigurationPlatforms) = preSolution
		Debug|Any CPU = Debug|Any CPU
		Release|Any CPU = Release|Any CPU
	EndGlobalSection
	GlobalSection(ProjectConfigurationPlatforms) = postSolution
		{74F42B6A-E45A-45C4-9840-40F7132F4296}.Debug|Any CPU.ActiveCfg = Debug|Any CPU
		{74F42B6A-E45A-45C4-9840-40F7132F4296}.Debug|Any CPU.Build.0 = Debug|Any CPU
		{74F42B6A-E45A-45C4-9840-40F7132F4296}.Release|Any CPU.ActiveCfg = Release|Any CPU
		{74F42B6A-E45A-45C4-9840-40F7132F4296}.Release|Any CPU.Build.0 = Release|Any CPU
	EndGlobalSection
	GlobalSection(SolutionProperties) = preSolution
		HideSolutionNode = FALSE
	EndGlobalSection
	GlobalSection(ExtensibilityGlobals) = postSolution
		SolutionGuid = {2FFDF6E5-9D76-404C-88FA-922E97F8AC89}
	EndGlobalSection
EndGlobal
