
Microsoft Visual Studio Solution File, Format Version 12.00
# Visual Studio Version 17
VisualStudioVersion = 17.9.34701.34
MinimumVisualStudioVersion = 10.0.40219.1
Project("{FAE04EC0-301F-11D3-BF4B-00C04F79EFBC}") = "Books", "Books.csproj", "{03AFE7C9-F56D-47BE-ACFC-2BAA9EBACA1D}"
	ProjectSection(ProjectDependencies) = postProject
		{40B105C9-0420-4065-AF72-3B16478BEE27} = {40B105C9-0420-4065-AF72-3B16478BEE27}
		{B9421A1A-B07E-4737-B7A6-3A4C5ADCF727} = {B9421A1A-B07E-4737-B7A6-3A4C5ADCF727}
	EndProjectSection
EndProject
Project("{9A19103F-16F7-4668-BE54-9A1E7A4F7556}") = "EncryptionData", "..\EncryptionData\EncryptionData.csproj", "{40B105C9-0420-4065-AF72-3B16478BEE27}"
EndProject
Project("{9A19103F-16F7-4668-BE54-9A1E7A4F7556}") = "FileUtility", "..\FileUtility\FileUtility.csproj", "{B9421A1A-B07E-4737-B7A6-3A4C5ADCF727}"
EndProject
Global
	GlobalSection(SolutionConfigurationPlatforms) = preSolution
		Debug|Any CPU = Debug|Any CPU
		Release|Any CPU = Release|Any CPU
	EndGlobalSection
	GlobalSection(ProjectConfigurationPlatforms) = postSolution
		{03AFE7C9-F56D-47BE-ACFC-2BAA9EBACA1D}.Debug|Any CPU.ActiveCfg = Debug|Any CPU
		{03AFE7C9-F56D-47BE-ACFC-2BAA9EBACA1D}.Debug|Any CPU.Build.0 = Debug|Any CPU
		{03AFE7C9-F56D-47BE-ACFC-2BAA9EBACA1D}.Release|Any CPU.ActiveCfg = Release|Any CPU
		{03AFE7C9-F56D-47BE-ACFC-2BAA9EBACA1D}.Release|Any CPU.Build.0 = Release|Any CPU
		{40B105C9-0420-4065-AF72-3B16478BEE27}.Debug|Any CPU.ActiveCfg = Debug|Any CPU
		{40B105C9-0420-4065-AF72-3B16478BEE27}.Debug|Any CPU.Build.0 = Debug|Any CPU
		{40B105C9-0420-4065-AF72-3B16478BEE27}.Release|Any CPU.ActiveCfg = Release|Any CPU
		{40B105C9-0420-4065-AF72-3B16478BEE27}.Release|Any CPU.Build.0 = Release|Any CPU
		{B9421A1A-B07E-4737-B7A6-3A4C5ADCF727}.Debug|Any CPU.ActiveCfg = Debug|Any CPU
		{B9421A1A-B07E-4737-B7A6-3A4C5ADCF727}.Debug|Any CPU.Build.0 = Debug|Any CPU
		{B9421A1A-B07E-4737-B7A6-3A4C5ADCF727}.Release|Any CPU.ActiveCfg = Release|Any CPU
		{B9421A1A-B07E-4737-B7A6-3A4C5ADCF727}.Release|Any CPU.Build.0 = Release|Any CPU
	EndGlobalSection
	GlobalSection(SolutionProperties) = preSolution
		HideSolutionNode = FALSE
	EndGlobalSection
	GlobalSection(ExtensibilityGlobals) = postSolution
		SolutionGuid = {78159FA3-B3D8-4B6B-9A24-CB2079DA9530}
	EndGlobalSection
EndGlobal
